// !$*UTF8*$!
{
	archiveVersion = 1;
	classes = {
	};
	objectVersion = 46;
	objects = {

/* Begin PBXBuildFile section */
		28274E2B1369E41300F1784B /* pause.m in Sources */ = {isa = PBXBuildFile; fileRef = 28274E291369E41300F1784B /* pause.m */; };
		28274E2F136A19F600F1784B /* AudioPlayer.m in Sources */ = {isa = PBXBuildFile; fileRef = 28274E2E136A19F600F1784B /* AudioPlayer.m */; };
		28274E33136A1B1C00F1784B /* Foundation.framework in Frameworks */ = {isa = PBXBuildFile; fileRef = 28274E32136A1B1C00F1784B /* Foundation.framework */; };
		28274E35136A1B2600F1784B /* AppKit.framework in Frameworks */ = {isa = PBXBuildFile; fileRef = 28274E34136A1B2600F1784B /* AppKit.framework */; };
		28A83C5B1367910D00C4084A /* menu.m in Sources */ = {isa = PBXBuildFile; fileRef = 28A83C5A1367910C00C4084A /* menu.m */; };
		28A83C5F136794EF00C4084A /* game.m in Sources */ = {isa = PBXBuildFile; fileRef = 28A83C5D136794EF00C4084A /* game.m */; };
		E20840AB1EF1903C004AB4D6 /* libncurses.tbd in Frameworks */ = {isa = PBXBuildFile; fileRef = E20840AA1EF1903C004AB4D6 /* libncurses.tbd */; };
		E20840AD1EF19064004AB4D6 /* libmenu.tbd in Frameworks */ = {isa = PBXBuildFile; fileRef = E20840AC1EF19064004AB4D6 /* libmenu.tbd */; };
		E2874D8F1EF613830001564B /* Invasores.aif in CopyFiles */ = {isa = PBXBuildFile; fileRef = E2874D8E1EF613680001564B /* Invasores.aif */; };
		E2874D961EF616C90001564B /* Blip.aif in CopyFiles */ = {isa = PBXBuildFile; fileRef = E2874D901EF6164B0001564B /* Blip.aif */; };
		E2874D971EF616C90001564B /* Change.aif in CopyFiles */ = {isa = PBXBuildFile; fileRef = E2874D911EF6164B0001564B /* Change.aif */; };
		E2874D981EF616C90001564B /* Gameover.aif in CopyFiles */ = {isa = PBXBuildFile; fileRef = E2874D921EF6164B0001564B /* Gameover.aif */; };
		E2874D991EF616C90001564B /* Gameplay.aif in CopyFiles */ = {isa = PBXBuildFile; fileRef = E2874D931EF6164B0001564B /* Gameplay.aif */; };
		E2874D9A1EF616C90001564B /* Select.aif in CopyFiles */ = {isa = PBXBuildFile; fileRef = E2874D941EF6164B0001564B /* Select.aif */; };
		E2874D9B1EF616C90001564B /* Shoot.aif in CopyFiles */ = {isa = PBXBuildFile; fileRef = E2874D951EF6164B0001564B /* Shoot.aif */; };
		E2C70FB31367269100B34ECB /* foe.m in Sources */ = {isa = PBXBuildFile; fileRef = E2C70FB11367269100B34ECB /* foe.m */; };
		E2C70FB91367503400B34ECB /* waves.c in Sources */ = {isa = PBXBuildFile; fileRef = E2C70FB71367503400B34ECB /* waves.c */; };
		E2C70FBC136753C100B34ECB /* fire.c in Sources */ = {isa = PBXBuildFile; fileRef = E2C70FBA136753C100B34ECB /* fire.c */; };
		E2CA5F921365A0BA00C9186A /* main.m in Sources */ = {isa = PBXBuildFile; fileRef = E2CA5F911365A0BA00C9186A /* main.m */; };
		E2CA5FF31366027000C9186A /* blit.c in Sources */ = {isa = PBXBuildFile; fileRef = E2CA5FF11366027000C9186A /* blit.c */; };
		E2CA5FF6136602D100C9186A /* util.c in Sources */ = {isa = PBXBuildFile; fileRef = E2CA5FF4136602D100C9186A /* util.c */; };
		E2E8A6BD13843998004D9518 /* Scream.mp3 in CopyFiles */ = {isa = PBXBuildFile; fileRef = E2E8A6BC13843896004D9518 /* Scream.mp3 */; };
/* End PBXBuildFile section */

/* Begin PBXCopyFilesBuildPhase section */
		E2CA5F8B1365A0BA00C9186A /* CopyFiles */ = {
			isa = PBXCopyFilesBuildPhase;
			buildActionMask = 12;
			dstPath = resources;
			dstSubfolderSpec = 16;
			files = (
				E2874D961EF616C90001564B /* Blip.aif in CopyFiles */,
				E2874D971EF616C90001564B /* Change.aif in CopyFiles */,
				E2874D981EF616C90001564B /* Gameover.aif in CopyFiles */,
				E2874D991EF616C90001564B /* Gameplay.aif in CopyFiles */,
				E2874D9A1EF616C90001564B /* Select.aif in CopyFiles */,
				E2874D9B1EF616C90001564B /* Shoot.aif in CopyFiles */,
				E2E8A6BD13843998004D9518 /* Scream.mp3 in CopyFiles */,
				E2874D8F1EF613830001564B /* Invasores.aif in CopyFiles */,
			);
			runOnlyForDeploymentPostprocessing = 0;
		};
/* End PBXCopyFilesBuildPhase section */

/* Begin PBXFileReference section */
		28274E291369E41300F1784B /* pause.m */ = {isa = PBXFileReference; fileEncoding = 4; lastKnownFileType = sourcecode.c.objc; path = pause.m; sourceTree = "<group>"; };
		28274E2A1369E41300F1784B /* pause.h */ = {isa = PBXFileReference; fileEncoding = 4; lastKnownFileType = sourcecode.c.h; path = pause.h; sourceTree = "<group>"; };
		28274E2D136A19F600F1784B /* AudioPlayer.h */ = {isa = PBXFileReference; fileEncoding = 4; lastKnownFileType = sourcecode.c.h; path = AudioPlayer.h; sourceTree = "<group>"; };
		28274E2E136A19F600F1784B /* AudioPlayer.m */ = {isa = PBXFileReference; fileEncoding = 4; lastKnownFileType = sourcecode.c.objc; path = AudioPlayer.m; sourceTree = "<group>"; };
		28274E32136A1B1C00F1784B /* Foundation.framework */ = {isa = PBXFileReference; lastKnownFileType = wrapper.framework; name = Foundation.framework; path = System/Library/Frameworks/Foundation.framework; sourceTree = SDKROOT; };
		28274E34136A1B2600F1784B /* AppKit.framework */ = {isa = PBXFileReference; lastKnownFileType = wrapper.framework; name = AppKit.framework; path = System/Library/Frameworks/AppKit.framework; sourceTree = SDKROOT; };
		28A83C5A1367910C00C4084A /* menu.m */ = {isa = PBXFileReference; fileEncoding = 4; lastKnownFileType = sourcecode.c.objc; path = menu.m; sourceTree = "<group>"; };
		28A83C5C1367913C00C4084A /* menu.h */ = {isa = PBXFileReference; fileEncoding = 4; lastKnownFileType = sourcecode.c.h; path = menu.h; sourceTree = "<group>"; };
		28A83C5D136794EF00C4084A /* game.m */ = {isa = PBXFileReference; fileEncoding = 4; lastKnownFileType = sourcecode.c.objc; path = game.m; sourceTree = "<group>"; };
		28A83C5E136794EF00C4084A /* game.h */ = {isa = PBXFileReference; fileEncoding = 4; lastKnownFileType = sourcecode.c.h; path = game.h; sourceTree = "<group>"; };
		E20840AA1EF1903C004AB4D6 /* libncurses.tbd */ = {isa = PBXFileReference; lastKnownFileType = "sourcecode.text-based-dylib-definition"; name = libncurses.tbd; path = usr/lib/libncurses.tbd; sourceTree = SDKROOT; };
		E20840AC1EF19064004AB4D6 /* libmenu.tbd */ = {isa = PBXFileReference; lastKnownFileType = "sourcecode.text-based-dylib-definition"; name = libmenu.tbd; path = usr/lib/libmenu.tbd; sourceTree = SDKROOT; };
		E2874D8E1EF613680001564B /* Invasores.aif */ = {isa = PBXFileReference; lastKnownFileType = file; name = Invasores.aif; path = ViaLacteum/Resources/Invasores.aif; sourceTree = SOURCE_ROOT; };
		E2874D901EF6164B0001564B /* Blip.aif */ = {isa = PBXFileReference; lastKnownFileType = file; name = Blip.aif; path = ViaLacteum/Resources/Blip.aif; sourceTree = SOURCE_ROOT; };
		E2874D911EF6164B0001564B /* Change.aif */ = {isa = PBXFileReference; lastKnownFileType = file; name = Change.aif; path = ViaLacteum/Resources/Change.aif; sourceTree = SOURCE_ROOT; };
		E2874D921EF6164B0001564B /* Gameover.aif */ = {isa = PBXFileReference; lastKnownFileType = file; name = Gameover.aif; path = ViaLacteum/Resources/Gameover.aif; sourceTree = SOURCE_ROOT; };
		E2874D931EF6164B0001564B /* Gameplay.aif */ = {isa = PBXFileReference; lastKnownFileType = file; name = Gameplay.aif; path = ViaLacteum/Resources/Gameplay.aif; sourceTree = SOURCE_ROOT; };
		E2874D941EF6164B0001564B /* Select.aif */ = {isa = PBXFileReference; lastKnownFileType = file; name = Select.aif; path = ViaLacteum/Resources/Select.aif; sourceTree = SOURCE_ROOT; };
		E2874D951EF6164B0001564B /* Shoot.aif */ = {isa = PBXFileReference; lastKnownFileType = file; name = Shoot.aif; path = ViaLacteum/Resources/Shoot.aif; sourceTree = SOURCE_ROOT; };
		E2C70FB11367269100B34ECB /* foe.m */ = {isa = PBXFileReference; fileEncoding = 4; lastKnownFileType = sourcecode.c.objc; path = foe.m; sourceTree = "<group>"; };
		E2C70FB21367269100B34ECB /* foe.h */ = {isa = PBXFileReference; fileEncoding = 4; lastKnownFileType = sourcecode.c.h; path = foe.h; sourceTree = "<group>"; };
		E2C70FB71367503400B34ECB /* waves.c */ = {isa = PBXFileReference; fileEncoding = 4; lastKnownFileType = sourcecode.c.c; path = waves.c; sourceTree = "<group>"; };
		E2C70FB81367503400B34ECB /* waves.h */ = {isa = PBXFileReference; fileEncoding = 4; lastKnownFileType = sourcecode.c.h; path = waves.h; sourceTree = "<group>"; };
		E2C70FBA136753C100B34ECB /* fire.c */ = {isa = PBXFileReference; fileEncoding = 4; lastKnownFileType = sourcecode.c.c; path = fire.c; sourceTree = "<group>"; };
		E2C70FBB136753C100B34ECB /* fire.h */ = {isa = PBXFileReference; fileEncoding = 4; lastKnownFileType = sourcecode.c.h; path = fire.h; sourceTree = "<group>"; };
		E2CA5F8D1365A0BA00C9186A /* ViaLacteum */ = {isa = PBXFileReference; explicitFileType = "compiled.mach-o.executable"; includeInIndex = 0; path = ViaLacteum; sourceTree = BUILT_PRODUCTS_DIR; };
		E2CA5F911365A0BA00C9186A /* main.m */ = {isa = PBXFileReference; lastKnownFileType = sourcecode.c.objc; path = main.m; sourceTree = "<group>"; };
		E2CA5FEF1365FF7400C9186A /* defs.h */ = {isa = PBXFileReference; fileEncoding = 4; lastKnownFileType = sourcecode.c.h; path = defs.h; sourceTree = "<group>"; };
		E2CA5FF11366027000C9186A /* blit.c */ = {isa = PBXFileReference; fileEncoding = 4; lastKnownFileType = sourcecode.c.c; path = blit.c; sourceTree = "<group>"; };
		E2CA5FF21366027000C9186A /* blit.h */ = {isa = PBXFileReference; fileEncoding = 4; lastKnownFileType = sourcecode.c.h; path = blit.h; sourceTree = "<group>"; };
		E2CA5FF4136602D100C9186A /* util.c */ = {isa = PBXFileReference; fileEncoding = 4; lastKnownFileType = sourcecode.c.c; path = util.c; sourceTree = "<group>"; };
		E2CA5FF5136602D100C9186A /* util.h */ = {isa = PBXFileReference; fileEncoding = 4; lastKnownFileType = sourcecode.c.h; path = util.h; sourceTree = "<group>"; };
		E2E8A6BC13843896004D9518 /* Scream.mp3 */ = {isa = PBXFileReference; lastKnownFileType = audio.mp3; name = Scream.mp3; path = ViaLacteum/Resources/Scream.mp3; sourceTree = SOURCE_ROOT; };
/* End PBXFileReference section */

/* Begin PBXFrameworksBuildPhase section */
		E2CA5F8A1365A0BA00C9186A /* Frameworks */ = {
			isa = PBXFrameworksBuildPhase;
			buildActionMask = 2147483647;
			files = (
				E20840AD1EF19064004AB4D6 /* libmenu.tbd in Frameworks */,
				E20840AB1EF1903C004AB4D6 /* libncurses.tbd in Frameworks */,
				28274E35136A1B2600F1784B /* AppKit.framework in Frameworks */,
				28274E33136A1B1C00F1784B /* Foundation.framework in Frameworks */,
			);
			runOnlyForDeploymentPostprocessing = 0;
		};
/* End PBXFrameworksBuildPhase section */

/* Begin PBXGroup section */
		28274E37136A1D2600F1784B /* resources */ = {
			isa = PBXGroup;
			children = (
				E2874D901EF6164B0001564B /* Blip.aif */,
				E2874D911EF6164B0001564B /* Change.aif */,
				E2874D921EF6164B0001564B /* Gameover.aif */,
				E2874D931EF6164B0001564B /* Gameplay.aif */,
				E2874D941EF6164B0001564B /* Select.aif */,
				E2874D951EF6164B0001564B /* Shoot.aif */,
				E2874D8E1EF613680001564B /* Invasores.aif */,
				E2E8A6BC13843896004D9518 /* Scream.mp3 */,
			);
			path = resources;
			sourceTree = "<group>";
		};
		E20840A91EF1903C004AB4D6 /* Frameworks */ = {
			isa = PBXGroup;
			children = (
				E20840AC1EF19064004AB4D6 /* libmenu.tbd */,
				E20840AA1EF1903C004AB4D6 /* libncurses.tbd */,
			);
			name = Frameworks;
			sourceTree = "<group>";
		};
		E2CA5F821365A0BA00C9186A = {
			isa = PBXGroup;
			children = (
				28274E34136A1B2600F1784B /* AppKit.framework */,
				28274E32136A1B1C00F1784B /* Foundation.framework */,
				E2CA5F901365A0BA00C9186A /* ViaLacteum */,
				E2CA5F8E1365A0BA00C9186A /* Products */,
				E20840A91EF1903C004AB4D6 /* Frameworks */,
			);
			sourceTree = "<group>";
		};
		E2CA5F8E1365A0BA00C9186A /* Products */ = {
			isa = PBXGroup;
			children = (
				E2CA5F8D1365A0BA00C9186A /* ViaLacteum */,
			);
			name = Products;
			sourceTree = "<group>";
		};
		E2CA5F901365A0BA00C9186A /* ViaLacteum */ = {
			isa = PBXGroup;
			children = (
				28274E37136A1D2600F1784B /* resources */,
				E2C70FB71367503400B34ECB /* waves.c */,
				E2C70FB81367503400B34ECB /* waves.h */,
				E2CA5F911365A0BA00C9186A /* main.m */,
				E2CA5FEF1365FF7400C9186A /* defs.h */,
				E2CA5FF11366027000C9186A /* blit.c */,
				E2CA5FF21366027000C9186A /* blit.h */,
				E2CA5FF4136602D100C9186A /* util.c */,
				E2CA5FF5136602D100C9186A /* util.h */,
				E2C70FB11367269100B34ECB /* foe.m */,
				E2C70FB21367269100B34ECB /* foe.h */,
				E2C70FBA136753C100B34ECB /* fire.c */,
				E2C70FBB136753C100B34ECB /* fire.h */,
				28A83C5A1367910C00C4084A /* menu.m */,
				28A83C5C1367913C00C4084A /* menu.h */,
				28A83C5D136794EF00C4084A /* game.m */,
				28A83C5E136794EF00C4084A /* game.h */,
				28274E291369E41300F1784B /* pause.m */,
				28274E2A1369E41300F1784B /* pause.h */,
				28274E2D136A19F600F1784B /* AudioPlayer.h */,
				28274E2E136A19F600F1784B /* AudioPlayer.m */,
			);
			path = ViaLacteum;
			sourceTree = "<group>";
		};
/* End PBXGroup section */

/* Begin PBXNativeTarget section */
		E2CA5F8C1365A0BA00C9186A /* ViaLacteum */ = {
			isa = PBXNativeTarget;
			buildConfigurationList = E2CA5F961365A0BA00C9186A /* Build configuration list for PBXNativeTarget "ViaLacteum" */;
			buildPhases = (
				E2CA5F891365A0BA00C9186A /* Sources */,
				E2CA5F8A1365A0BA00C9186A /* Frameworks */,
				E2CA5F8B1365A0BA00C9186A /* CopyFiles */,
			);
			buildRules = (
			);
			dependencies = (
			);
			name = ViaLacteum;
			productName = ViaLacteum;
			productReference = E2CA5F8D1365A0BA00C9186A /* ViaLacteum */;
			productType = "com.apple.product-type.tool";
		};
/* End PBXNativeTarget section */

/* Begin PBXProject section */
		E2CA5F841365A0BA00C9186A /* Project object */ = {
			isa = PBXProject;
			attributes = {
				LastUpgradeCheck = 0830;
			};
			buildConfigurationList = E2CA5F871365A0BA00C9186A /* Build configuration list for PBXProject "ViaLacteum" */;
			compatibilityVersion = "Xcode 3.2";
			developmentRegion = English;
			hasScannedForEncodings = 0;
			knownRegions = (
				en,
			);
			mainGroup = E2CA5F821365A0BA00C9186A;
			productRefGroup = E2CA5F8E1365A0BA00C9186A /* Products */;
			projectDirPath = "";
			projectRoot = "";
			targets = (
				E2CA5F8C1365A0BA00C9186A /* ViaLacteum */,
			);
		};
/* End PBXProject section */

/* Begin PBXSourcesBuildPhase section */
		E2CA5F891365A0BA00C9186A /* Sources */ = {
			isa = PBXSourcesBuildPhase;
			buildActionMask = 2147483647;
			files = (
				E2CA5F921365A0BA00C9186A /* main.m in Sources */,
				E2CA5FF31366027000C9186A /* blit.c in Sources */,
				E2CA5FF6136602D100C9186A /* util.c in Sources */,
				E2C70FB31367269100B34ECB /* foe.m in Sources */,
				E2C70FB91367503400B34ECB /* waves.c in Sources */,
				E2C70FBC136753C100B34ECB /* fire.c in Sources */,
				28A83C5B1367910D00C4084A /* menu.m in Sources */,
				28A83C5F136794EF00C4084A /* game.m in Sources */,
				28274E2B1369E41300F1784B /* pause.m in Sources */,
				28274E2F136A19F600F1784B /* AudioPlayer.m in Sources */,
			);
			runOnlyForDeploymentPostprocessing = 0;
		};
/* End PBXSourcesBuildPhase section */

/* Begin XCBuildConfiguration section */
		E2CA5F941365A0BA00C9186A /* Debug */ = {
			isa = XCBuildConfiguration;
			buildSettings = {
				CLANG_WARN_BOOL_CONVERSION = YES;
				CLANG_WARN_CONSTANT_CONVERSION = YES;
				CLANG_WARN_EMPTY_BODY = YES;
				CLANG_WARN_ENUM_CONVERSION = YES;
				CLANG_WARN_INFINITE_RECURSION = YES;
				CLANG_WARN_INT_CONVERSION = YES;
				CLANG_WARN_SUSPICIOUS_MOVE = YES;
				CLANG_WARN_UNREACHABLE_CODE = YES;
				CLANG_WARN__DUPLICATE_METHOD_MATCH = YES;
				ENABLE_STRICT_OBJC_MSGSEND = YES;
				ENABLE_TESTABILITY = YES;
				GCC_C_LANGUAGE_STANDARD = gnu99;
				GCC_NO_COMMON_BLOCKS = YES;
				GCC_OPTIMIZATION_LEVEL = 0;
				GCC_PREPROCESSOR_DEFINITIONS = DEBUG;
				GCC_SYMBOLS_PRIVATE_EXTERN = NO;
				GCC_VERSION = com.apple.compilers.llvm.clang.1_0;
				GCC_WARN_64_TO_32_BIT_CONVERSION = YES;
				GCC_WARN_ABOUT_RETURN_TYPE = YES;
				GCC_WARN_UNDECLARED_SELECTOR = YES;
				GCC_WARN_UNINITIALIZED_AUTOS = YES;
				GCC_WARN_UNUSED_FUNCTION = YES;
				GCC_WARN_UNUSED_VARIABLE = YES;
				MACOSX_DEPLOYMENT_TARGET = 10.6;
				ONLY_ACTIVE_ARCH = YES;
				SDKROOT = macosx;
			};
			name = Debug;
		};
		E2CA5F951365A0BA00C9186A /* Release */ = {
			isa = XCBuildConfiguration;
			buildSettings = {
				CLANG_WARN_BOOL_CONVERSION = YES;
				CLANG_WARN_CONSTANT_CONVERSION = YES;
				CLANG_WARN_EMPTY_BODY = YES;
				CLANG_WARN_ENUM_CONVERSION = YES;
				CLANG_WARN_INFINITE_RECURSION = YES;
				CLANG_WARN_INT_CONVERSION = YES;
				CLANG_WARN_SUSPICIOUS_MOVE = YES;
				CLANG_WARN_UNREACHABLE_CODE = YES;
				CLANG_WARN__DUPLICATE_METHOD_MATCH = YES;
				ENABLE_STRICT_OBJC_MSGSEND = YES;
				GCC_C_LANGUAGE_STANDARD = gnu99;
				GCC_NO_COMMON_BLOCKS = YES;
				GCC_VERSION = com.apple.compilers.llvm.clang.1_0;
				GCC_WARN_64_TO_32_BIT_CONVERSION = YES;
				GCC_WARN_ABOUT_RETURN_TYPE = YES;
				GCC_WARN_UNDECLARED_SELECTOR = YES;
				GCC_WARN_UNINITIALIZED_AUTOS = YES;
				GCC_WARN_UNUSED_FUNCTION = YES;
				GCC_WARN_UNUSED_VARIABLE = YES;
				MACOSX_DEPLOYMENT_TARGET = 10.6;
				SDKROOT = macosx;
			};
			name = Release;
		};
		E2CA5F971365A0BA00C9186A /* Debug */ = {
			isa = XCBuildConfiguration;
			buildSettings = {
				ALWAYS_SEARCH_USER_PATHS = NO;
				COPY_PHASE_STRIP = NO;
				GCC_DYNAMIC_NO_PIC = NO;
				GCC_ENABLE_OBJC_EXCEPTIONS = YES;
				PRODUCT_NAME = "$(TARGET_NAME)";
			};
			name = Debug;
		};
		E2CA5F981365A0BA00C9186A /* Release */ = {
			isa = XCBuildConfiguration;
			buildSettings = {
				ALWAYS_SEARCH_USER_PATHS = NO;
				COPY_PHASE_STRIP = YES;
				DEBUG_INFORMATION_FORMAT = "dwarf-with-dsym";
				GCC_ENABLE_OBJC_EXCEPTIONS = YES;
				PRODUCT_NAME = "$(TARGET_NAME)";
			};
			name = Release;
		};
/* End XCBuildConfiguration section */

/* Begin XCConfigurationList section */
		E2CA5F871365A0BA00C9186A /* Build configuration list for PBXProject "ViaLacteum" */ = {
			isa = XCConfigurationList;
			buildConfigurations = (
				E2CA5F941365A0BA00C9186A /* Debug */,
				E2CA5F951365A0BA00C9186A /* Release */,
			);
			defaultConfigurationIsVisible = 0;
			defaultConfigurationName = Release;
		};
		E2CA5F961365A0BA00C9186A /* Build configuration list for PBXNativeTarget "ViaLacteum" */ = {
			isa = XCConfigurationList;
			buildConfigurations = (
				E2CA5F971365A0BA00C9186A /* Debug */,
				E2CA5F981365A0BA00C9186A /* Release */,
			);
			defaultConfigurationIsVisible = 0;
			defaultConfigurationName = Release;
		};
/* End XCConfigurationList section */
	};
	rootObject = E2CA5F841365A0BA00C9186A /* Project object */;
}
